
Microsoft Visual Studio Solution File, Format Version 12.00
# Visual Studio Version 17
VisualStudioVersion = 17.8.34322.80
MinimumVisualStudioVersion = 10.0.40219.1
Project("{9A19103F-16F7-4668-BE54-9A1E7A4F7556}") = "EventBus", "EventBus\EventBus.csproj", "{D6FF4A7F-20D7-4C02-832F-524E1289753F}"
EndProject
Global
	GlobalSection(SolutionConfigurationPlatforms) = preSolution
		Debug|Any CPU = Debug|Any CPU
		Release|Any CPU = Release|Any CPU
	EndGlobalSection
	GlobalSection(ProjectConfigurationPlatforms) = postSolution
		{D6FF4A7F-20D7-4C02-832F-524E1289753F}.Debug|Any CPU.ActiveCfg = Debug|Any CPU
		{D6FF4A7F-20D7-4C02-832F-524E1289753F}.Debug|Any CPU.Build.0 = Debug|Any CPU
		{D6FF4A7F-20D7-4C02-832F-524E1289753F}.Release|Any CPU.ActiveCfg = Release|Any CPU
		{D6FF4A7F-20D7-4C02-832F-524E1289753F}.Release|Any CPU.Build.0 = Release|Any CPU
	EndGlobalSection
	GlobalSection(SolutionProperties) = preSolution
		HideSolutionNode = FALSE
	EndGlobalSection
	GlobalSection(ExtensibilityGlobals) = postSolution
		SolutionGuid = {8BA55D96-65C4-43F5-9DBB-6062208600B7}
	EndGlobalSection
EndGlobal
